
Microsoft Visual Studio Solution File, Format Version 12.00
# Visual Studio Version 16
VisualStudioVersion = 16.0.28803.202
MinimumVisualStudioVersion = 10.0.40219.1
Project("{FAE04EC0-301F-11D3-BF4B-00C04F79EFBC}") = "16x2Generator", "16x2Generator.csproj", "{AD5C247C-13DE-437A-B95F-AB2729CCB4EA}"
EndProject
Global
	GlobalSection(SolutionConfigurationPlatforms) = preSolution
		Debug|Any CPU = Debug|Any CPU
		Release|Any CPU = Release|Any CPU
	EndGlobalSection
	GlobalSection(ProjectConfigurationPlatforms) = postSolution
		{AD5C247C-13DE-437A-B95F-AB2729CCB4EA}.Debug|Any CPU.ActiveCfg = Debug|Any CPU
		{AD5C247C-13DE-437A-B95F-AB2729CCB4EA}.Debug|Any CPU.Build.0 = Debug|Any CPU
		{AD5C247C-13DE-437A-B95F-AB2729CCB4EA}.Release|Any CPU.ActiveCfg = Release|Any CPU
		{AD5C247C-13DE-437A-B95F-AB2729CCB4EA}.Release|Any CPU.Build.0 = Release|Any CPU
	EndGlobalSection
	GlobalSection(SolutionProperties) = preSolution
		HideSolutionNode = FALSE
	EndGlobalSection
	GlobalSection(ExtensibilityGlobals) = postSolution
		SolutionGuid = {BC284CBE-7E64-40D9-9BA0-03BB4FFA0CCE}
	EndGlobalSection
EndGlobal
